{
    "_readme": [
        "This file locks the dependencies of your project to a known state",
        "Read more about it at https://getcomposer.org/doc/01-basic-usage.md#composer-lock-the-lock-file",
        "This file is @generated automatically"
    ],
    "hash": "334a3229716182d1e79cd89c5c020e05",
    "content-hash": "9c070f3e3a6fc268604794c39ede951c",
    "packages": [
        {
            "name": "aws/aws-sdk-php",
            "version": "3.11.2",
            "source": {
                "type": "git",
                "url": "https://github.com/aws/aws-sdk-php.git",
                "reference": "4f8e06728536a593bb8fdaead3ee4f6e7000f78e"
            },
            "dist": {
                "type": "zip",
                "url": "https://api.github.com/repos/aws/aws-sdk-php/zipball/4f8e06728536a593bb8fdaead3ee4f6e7000f78e",
                "reference": "4f8e06728536a593bb8fdaead3ee4f6e7000f78e",
                "shasum": ""
            },
            "require": {
                "guzzlehttp/guzzle": "~5.3|~6.0.1|~6.1",
                "guzzlehttp/promises": "~1.0",
                "guzzlehttp/psr7": "~1.0",
                "mtdowling/jmespath.php": "~2.2",
                "php": ">=5.5"
            },
            "require-dev": {
                "andrewsville/php-token-reflection": "^1.4",
                "aws/aws-php-sns-message-validator": "~1.0",
                "behat/behat": "~3.0",
                "doctrine/cache": "~1.4",
                "ext-dom": "*",
                "ext-json": "*",
                "ext-openssl": "*",
                "ext-pcre": "*",
                "ext-simplexml": "*",
                "ext-spl": "*",
                "nette/neon": "^2.3",
                "phpunit/phpunit": "~4.0"
            },
            "suggest": {
                "doctrine/cache": "To use the DoctrineCacheAdapter",
                "ext-curl": "To send requests using cURL",
                "ext-openssl": "Allows working with CloudFront private distributions and verifying received SNS messages"
            },
            "type": "library",
            "extra": {
                "branch-alias": {
                    "dev-master": "3.0-dev"
                }
            },
            "autoload": {
                "psr-4": {
                    "Aws\\": "src/"
                },
                "files": [
                    "src/functions.php"
                ]
            },
            "notification-url": "https://packagist.org/downloads/",
            "license": [
                "Apache-2.0"
            ],
            "authors": [
                {
                    "name": "Amazon Web Services",
                    "homepage": "http://aws.amazon.com"
                }
            ],
            "description": "AWS SDK for PHP - Use Amazon Web Services in your PHP project",
            "homepage": "http://aws.amazon.com/sdkforphp",
            "keywords": [
                "amazon",
                "aws",
                "cloud",
                "dynamodb",
                "ec2",
                "glacier",
                "s3",
                "sdk"
            ],
            "time": "2015-11-24 01:59:29"
        },
        {
            "name": "facebook/php-sdk-v4",
            "version": "5.1.1",
            "source": {
                "type": "git",
                "url": "https://github.com/facebook/facebook-php-sdk-v4.git",
                "reference": "8d74588f2f88980c3504333111523ca231796a72"
            },
            "dist": {
                "type": "zip",
                "url": "https://api.github.com/repos/facebook/facebook-php-sdk-v4/zipball/8d74588f2f88980c3504333111523ca231796a72",
                "reference": "8d74588f2f88980c3504333111523ca231796a72",
                "shasum": ""
            },
            "require": {
                "ext-mbstring": "*",
                "php": ">=5.4.0"
            },
            "require-dev": {
                "guzzlehttp/guzzle": "~5.0",
                "mockery/mockery": "~0.8",
                "phpunit/phpunit": "~4.0"
            },
            "suggest": {
                "guzzlehttp/guzzle": "Allows for implementation of the Guzzle HTTP client"
            },
            "type": "library",
            "extra": {
                "branch-alias": {
                    "dev-master": "5.x-dev"
                }
            },
            "autoload": {
                "psr-4": {
                    "Facebook\\": "src/Facebook/"
                }
            },
            "notification-url": "https://packagist.org/downloads/",
            "license": [
                "Facebook Platform"
            ],
            "authors": [
                {
                    "name": "Facebook",
                    "homepage": "https://github.com/facebook/facebook-php-sdk-v4/contributors"
                }
            ],
            "description": "Facebook SDK for PHP",
            "homepage": "https://github.com/facebook/facebook-php-sdk-v4",
            "keywords": [
                "facebook",
                "sdk"
            ],
            "time": "2015-11-12 19:21:46"
        },
        {
            "name": "guzzle/guzzle",
            "version": "v3.9.3",
            "source": {
                "type": "git",
                "url": "https://github.com/guzzle/guzzle3.git",
                "reference": "0645b70d953bc1c067bbc8d5bc53194706b628d9"
            },
            "dist": {
                "type": "zip",
                "url": "https://api.github.com/repos/guzzle/guzzle3/zipball/0645b70d953bc1c067bbc8d5bc53194706b628d9",
                "reference": "0645b70d953bc1c067bbc8d5bc53194706b628d9",
                "shasum": ""
            },
            "require": {
                "ext-curl": "*",
                "php": ">=5.3.3",
                "symfony/event-dispatcher": "~2.1"
            },
            "replace": {
                "guzzle/batch": "self.version",
                "guzzle/cache": "self.version",
                "guzzle/common": "self.version",
                "guzzle/http": "self.version",
                "guzzle/inflection": "self.version",
                "guzzle/iterator": "self.version",
                "guzzle/log": "self.version",
                "guzzle/parser": "self.version",
                "guzzle/plugin": "self.version",
                "guzzle/plugin-async": "self.version",
                "guzzle/plugin-backoff": "self.version",
                "guzzle/plugin-cache": "self.version",
                "guzzle/plugin-cookie": "self.version",
                "guzzle/plugin-curlauth": "self.version",
                "guzzle/plugin-error-response": "self.version",
                "guzzle/plugin-history": "self.version",
                "guzzle/plugin-log": "self.version",
                "guzzle/plugin-md5": "self.version",
                "guzzle/plugin-mock": "self.version",
                "guzzle/plugin-oauth": "self.version",
                "guzzle/service": "self.version",
                "guzzle/stream": "self.version"
            },
            "require-dev": {
                "doctrine/cache": "~1.3",
                "monolog/monolog": "~1.0",
                "phpunit/phpunit": "3.7.*",
                "psr/log": "~1.0",
                "symfony/class-loader": "~2.1",
                "zendframework/zend-cache": "2.*,<2.3",
                "zendframework/zend-log": "2.*,<2.3"
            },
            "suggest": {
                "guzzlehttp/guzzle": "Guzzle 5 has moved to a new package name. The package you have installed, Guzzle 3, is deprecated."
            },
            "type": "library",
            "extra": {
                "branch-alias": {
                    "dev-master": "3.9-dev"
                }
            },
            "autoload": {
                "psr-0": {
                    "Guzzle": "src/",
                    "Guzzle\\Tests": "tests/"
                }
            },
            "notification-url": "https://packagist.org/downloads/",
            "license": [
                "MIT"
            ],
            "authors": [
                {
                    "name": "Michael Dowling",
                    "email": "mtdowling@gmail.com",
                    "homepage": "https://github.com/mtdowling"
                },
                {
                    "name": "Guzzle Community",
                    "homepage": "https://github.com/guzzle/guzzle/contributors"
                }
            ],
            "description": "PHP HTTP client. This library is deprecated in favor of https://packagist.org/packages/guzzlehttp/guzzle",
            "homepage": "http://guzzlephp.org/",
            "keywords": [
                "client",
                "curl",
                "framework",
                "http",
                "http client",
                "rest",
                "web service"
            ],
            "time": "2015-03-18 18:23:50"
        },
        {
            "name": "guzzlehttp/guzzle",
            "version": "6.1.1",
            "source": {
                "type": "git",
                "url": "https://github.com/guzzle/guzzle.git",
                "reference": "c6851d6e48f63b69357cbfa55bca116448140e0c"
            },
            "dist": {
                "type": "zip",
                "url": "https://api.github.com/repos/guzzle/guzzle/zipball/c6851d6e48f63b69357cbfa55bca116448140e0c",
                "reference": "c6851d6e48f63b69357cbfa55bca116448140e0c",
                "shasum": ""
            },
            "require": {
                "guzzlehttp/promises": "~1.0",
                "guzzlehttp/psr7": "~1.1",
                "php": ">=5.5.0"
            },
            "require-dev": {
                "ext-curl": "*",
                "phpunit/phpunit": "~4.0",
                "psr/log": "~1.0"
            },
            "type": "library",
            "extra": {
                "branch-alias": {
                    "dev-master": "6.1-dev"
                }
            },
            "autoload": {
                "files": [
                    "src/functions_include.php"
                ],
                "psr-4": {
                    "GuzzleHttp\\": "src/"
                }
            },
            "notification-url": "https://packagist.org/downloads/",
            "license": [
                "MIT"
            ],
            "authors": [
                {
                    "name": "Michael Dowling",
                    "email": "mtdowling@gmail.com",
                    "homepage": "https://github.com/mtdowling"
                }
            ],
            "description": "Guzzle is a PHP HTTP client library",
            "homepage": "http://guzzlephp.org/",
            "keywords": [
                "client",
                "curl",
                "framework",
                "http",
                "http client",
                "rest",
                "web service"
            ],
            "time": "2015-11-23 00:47:50"
        },
        {
            "name": "guzzlehttp/promises",
            "version": "1.0.3",
            "source": {
                "type": "git",
                "url": "https://github.com/guzzle/promises.git",
                "reference": "b1e1c0d55f8083c71eda2c28c12a228d708294ea"
            },
            "dist": {
                "type": "zip",
                "url": "https://api.github.com/repos/guzzle/promises/zipball/b1e1c0d55f8083c71eda2c28c12a228d708294ea",
                "reference": "b1e1c0d55f8083c71eda2c28c12a228d708294ea",
                "shasum": ""
            },
            "require": {
                "php": ">=5.5.0"
            },
            "require-dev": {
                "phpunit/phpunit": "~4.0"
            },
            "type": "library",
            "extra": {
                "branch-alias": {
                    "dev-master": "1.0-dev"
                }
            },
            "autoload": {
                "psr-4": {
                    "GuzzleHttp\\Promise\\": "src/"
                },
                "files": [
                    "src/functions_include.php"
                ]
            },
            "notification-url": "https://packagist.org/downloads/",
            "license": [
                "MIT"
            ],
            "authors": [
                {
                    "name": "Michael Dowling",
                    "email": "mtdowling@gmail.com",
                    "homepage": "https://github.com/mtdowling"
                }
            ],
            "description": "Guzzle promises library",
            "keywords": [
                "promise"
            ],
            "time": "2015-10-15 22:28:00"
        },
        {
            "name": "guzzlehttp/psr7",
            "version": "1.2.1",
            "source": {
                "type": "git",
                "url": "https://github.com/guzzle/psr7.git",
                "reference": "4d0bdbe1206df7440219ce14c972aa57cc5e4982"
            },
            "dist": {
                "type": "zip",
                "url": "https://api.github.com/repos/guzzle/psr7/zipball/4d0bdbe1206df7440219ce14c972aa57cc5e4982",
                "reference": "4d0bdbe1206df7440219ce14c972aa57cc5e4982",
                "shasum": ""
            },
            "require": {
                "php": ">=5.4.0",
                "psr/http-message": "~1.0"
            },
            "provide": {
                "psr/http-message-implementation": "1.0"
            },
            "require-dev": {
                "phpunit/phpunit": "~4.0"
            },
            "type": "library",
            "extra": {
                "branch-alias": {
                    "dev-master": "1.0-dev"
                }
            },
            "autoload": {
                "psr-4": {
                    "GuzzleHttp\\Psr7\\": "src/"
                },
                "files": [
                    "src/functions_include.php"
                ]
            },
            "notification-url": "https://packagist.org/downloads/",
            "license": [
                "MIT"
            ],
            "authors": [
                {
                    "name": "Michael Dowling",
                    "email": "mtdowling@gmail.com",
                    "homepage": "https://github.com/mtdowling"
                }
            ],
            "description": "PSR-7 message implementation",
            "keywords": [
                "http",
                "message",
                "stream",
                "uri"
            ],
            "time": "2015-11-03 01:34:55"
        },
        {
            "name": "imgix/imgix-php",
            "version": "1.0.6",
            "source": {
                "type": "git",
                "url": "https://github.com/imgix/imgix-php.git",
                "reference": "74b873e533c6a154ac3108d1c4af8dfc38ca8e28"
            },
            "dist": {
                "type": "zip",
                "url": "https://api.github.com/repos/imgix/imgix-php/zipball/74b873e533c6a154ac3108d1c4af8dfc38ca8e28",
                "reference": "74b873e533c6a154ac3108d1c4af8dfc38ca8e28",
                "shasum": ""
            },
            "require": {
                "jakeasmith/http_build_url": "^1.0",
                "php": ">=5.3"
            },
            "require-dev": {
                "phpunit/phpunit": "*"
            },
            "type": "library",
            "autoload": {
                "psr-0": {
                    "Imgix\\": "src/"
                }
            },
            "notification-url": "https://packagist.org/downloads/",
            "description": "A PHP client library for generating URLs with imgix.",
            "keywords": [
                "imgix"
            ],
            "time": "2015-06-23 00:14:02"
        },
        {
            "name": "jakeasmith/http_build_url",
            "version": "1.0.0",
            "source": {
                "type": "git",
                "url": "https://github.com/jakeasmith/http_build_url.git",
                "reference": "15bdd686e5178ddfa3e88de60fa585adffb292bb"
            },
            "dist": {
                "type": "zip",
                "url": "https://api.github.com/repos/jakeasmith/http_build_url/zipball/15bdd686e5178ddfa3e88de60fa585adffb292bb",
                "reference": "15bdd686e5178ddfa3e88de60fa585adffb292bb",
                "shasum": ""
            },
            "require-dev": {
                "phpunit/phpunit": "~3.7"
            },
            "type": "library",
            "autoload": {
                "files": [
                    "src/http_build_url.php"
                ]
            },
            "notification-url": "https://packagist.org/downloads/",
            "license": [
                "MIT"
            ],
            "authors": [
                {
                    "name": "Jake A. Smith",
                    "email": "theman@jakeasmith.com"
                }
            ],
            "description": "Provides functionality for http_build_url() to environments without pecl_http.",
            "time": "2015-05-06 12:27:20"
        },
        {
            "name": "lcobucci/jwt",
            "version": "3.1.0",
            "source": {
                "type": "git",
                "url": "https://github.com/lcobucci/jwt.git",
                "reference": "31499db4e692b343cec7ff345932899f98fde1cf"
            },
            "dist": {
                "type": "zip",
                "url": "https://api.github.com/repos/lcobucci/jwt/zipball/31499db4e692b343cec7ff345932899f98fde1cf",
                "reference": "31499db4e692b343cec7ff345932899f98fde1cf",
                "shasum": ""
            },
            "require": {
                "ext-openssl": "*",
                "php": ">=5.5"
            },
            "require-dev": {
                "mdanter/ecc": "~0.3",
                "mikey179/vfsstream": "~1.5",
                "phpmd/phpmd": "~2.2",
                "phpunit/php-invoker": "~1.1",
                "phpunit/phpunit": "~4.5",
                "squizlabs/php_codesniffer": "~2.3"
            },
            "suggest": {
                "mdanter/ecc": "Required to use Elliptic Curves based algorithms."
            },
            "type": "library",
            "extra": {
                "branch-alias": {
                    "dev-master": "3.1-dev"
                }
            },
            "autoload": {
                "psr-4": {
                    "Lcobucci\\JWT\\": "src"
                }
            },
            "notification-url": "https://packagist.org/downloads/",
            "license": [
                "BSD-3-Clause"
            ],
            "authors": [
                {
                    "name": "Luís Otávio Cobucci Oblonczyk",
                    "email": "lcobucci@gmail.com",
                    "role": "Developer"
                }
            ],
            "description": "A simple library to work with JSON Web Token and JSON Web Signature",
            "keywords": [
                "JWS",
                "jwt"
            ],
            "time": "2015-11-15 01:42:47"
        },
        {
            "name": "mtdowling/jmespath.php",
            "version": "2.2.0",
            "source": {
                "type": "git",
                "url": "https://github.com/jmespath/jmespath.php.git",
                "reference": "a7d99d0c836e69d27b7bfca1d33ca2759fba3289"
            },
            "dist": {
                "type": "zip",
                "url": "https://api.github.com/repos/jmespath/jmespath.php/zipball/a7d99d0c836e69d27b7bfca1d33ca2759fba3289",
                "reference": "a7d99d0c836e69d27b7bfca1d33ca2759fba3289",
                "shasum": ""
            },
            "require": {
                "php": ">=5.4.0"
            },
            "require-dev": {
                "phpunit/phpunit": "~4.0"
            },
            "bin": [
                "bin/jp.php"
            ],
            "type": "library",
            "extra": {
                "branch-alias": {
                    "dev-master": "2.0-dev"
                }
            },
            "autoload": {
                "psr-4": {
                    "JmesPath\\": "src/"
                },
                "files": [
                    "src/JmesPath.php"
                ]
            },
            "notification-url": "https://packagist.org/downloads/",
            "license": [
                "MIT"
            ],
            "authors": [
                {
                    "name": "Michael Dowling",
                    "email": "mtdowling@gmail.com",
                    "homepage": "https://github.com/mtdowling"
                }
            ],
            "description": "Declaratively specify how to extract elements from a JSON document",
            "keywords": [
                "json",
                "jsonpath"
            ],
            "time": "2015-05-27 17:21:31"
        },
        {
            "name": "psr/http-message",
            "version": "1.0",
            "source": {
                "type": "git",
                "url": "https://github.com/php-fig/http-message.git",
                "reference": "85d63699f0dbedb190bbd4b0d2b9dc707ea4c298"
            },
            "dist": {
                "type": "zip",
                "url": "https://api.github.com/repos/php-fig/http-message/zipball/85d63699f0dbedb190bbd4b0d2b9dc707ea4c298",
                "reference": "85d63699f0dbedb190bbd4b0d2b9dc707ea4c298",
                "shasum": ""
            },
            "require": {
                "php": ">=5.3.0"
            },
            "type": "library",
            "extra": {
                "branch-alias": {
                    "dev-master": "1.0.x-dev"
                }
            },
            "autoload": {
                "psr-4": {
                    "Psr\\Http\\Message\\": "src/"
                }
            },
            "notification-url": "https://packagist.org/downloads/",
            "license": [
                "MIT"
            ],
            "authors": [
                {
                    "name": "PHP-FIG",
                    "homepage": "http://www.php-fig.org/"
                }
            ],
            "description": "Common interface for HTTP messages",
            "keywords": [
                "http",
                "http-message",
                "psr",
                "psr-7",
                "request",
                "response"
            ],
            "time": "2015-05-04 20:22:00"
        },
        {
            "name": "redeyeventures/geopattern",
            "version": "v1.1.1",
            "source": {
                "type": "git",
                "url": "https://github.com/redeyeventures/geopattern-php.git",
                "reference": "26d9f8aa7a8b00c8afc120d706f6bdd7a9965b87"
            },
            "dist": {
                "type": "zip",
                "url": "https://api.github.com/repos/redeyeventures/geopattern-php/zipball/26d9f8aa7a8b00c8afc120d706f6bdd7a9965b87",
                "reference": "26d9f8aa7a8b00c8afc120d706f6bdd7a9965b87",
                "shasum": ""
            },
            "require-dev": {
                "phpunit/phpunit": "3.7.*"
            },
            "type": "library",
            "autoload": {
                "psr-4": {
                    "RedeyeVentures\\": "src/"
                }
            },
            "notification-url": "https://packagist.org/downloads/",
            "license": [
                "MIT"
            ],
            "authors": [
                {
                    "name": "Anand Capur",
                    "email": "anand@redeyeventures.com",
                    "homepage": "http://redeyeventures.com"
                }
            ],
            "description": "Generate beautiful SVG patterns.",
            "keywords": [
                "background",
                "geometric",
                "pattern",
                "svg"
            ],
            "time": "2014-10-21 03:35:54"
        },
        {
            "name": "slim/slim",
            "version": "2.6.2",
            "source": {
                "type": "git",
                "url": "https://github.com/slimphp/Slim.git",
                "reference": "20a02782f76830b67ae56a5c08eb1f563c351a37"
            },
            "dist": {
                "type": "zip",
                "url": "https://api.github.com/repos/slimphp/Slim/zipball/20a02782f76830b67ae56a5c08eb1f563c351a37",
                "reference": "20a02782f76830b67ae56a5c08eb1f563c351a37",
                "shasum": ""
            },
            "require": {
                "php": ">=5.3.0"
            },
            "suggest": {
                "ext-mcrypt": "Required for HTTP cookie encryption"
            },
            "type": "library",
            "autoload": {
                "psr-0": {
                    "Slim": "."
                }
            },
            "notification-url": "https://packagist.org/downloads/",
            "license": [
                "MIT"
            ],
            "authors": [
                {
                    "name": "Josh Lockhart",
                    "email": "info@joshlockhart.com",
                    "homepage": "http://www.joshlockhart.com/"
                }
            ],
            "description": "Slim Framework, a PHP micro framework",
            "homepage": "http://github.com/codeguy/Slim",
            "keywords": [
                "microframework",
                "rest",
                "router"
            ],
            "time": "2015-03-08 18:41:17"
        },
        {
            "name": "symfony/event-dispatcher",
            "version": "v2.7.7",
            "source": {
                "type": "git",
                "url": "https://github.com/symfony/event-dispatcher.git",
                "reference": "7e2f9c31645680026c2372edf66f863fc7757af5"
            },
            "dist": {
                "type": "zip",
                "url": "https://api.github.com/repos/symfony/event-dispatcher/zipball/7e2f9c31645680026c2372edf66f863fc7757af5",
                "reference": "7e2f9c31645680026c2372edf66f863fc7757af5",
                "shasum": ""
            },
            "require": {
                "php": ">=5.3.9"
            },
            "require-dev": {
                "psr/log": "~1.0",
                "symfony/config": "~2.0,>=2.0.5",
                "symfony/dependency-injection": "~2.6",
                "symfony/expression-language": "~2.6",
                "symfony/stopwatch": "~2.3"
            },
            "suggest": {
                "symfony/dependency-injection": "",
                "symfony/http-kernel": ""
            },
            "type": "library",
            "extra": {
                "branch-alias": {
                    "dev-master": "2.7-dev"
                }
            },
            "autoload": {
                "psr-4": {
                    "Symfony\\Component\\EventDispatcher\\": ""
                },
                "exclude-from-classmap": [
                    "/Tests/"
                ]
            },
            "notification-url": "https://packagist.org/downloads/",
            "license": [
                "MIT"
            ],
            "authors": [
                {
                    "name": "Fabien Potencier",
                    "email": "fabien@symfony.com"
                },
                {
                    "name": "Symfony Community",
                    "homepage": "https://symfony.com/contributors"
                }
            ],
            "description": "Symfony EventDispatcher Component",
            "homepage": "https://symfony.com",
            "time": "2015-10-30 20:10:21"
        }
    ],
    "packages-dev": [],
    "aliases": [],
    "minimum-stability": "stable",
    "stability-flags": [],
    "prefer-stable": false,
    "prefer-lowest": false,
    "platform": [],
    "platform-dev": []
}
